// !$*UTF8*$!
{
	archiveVersion = 1;
	classes = {
	};
	objectVersion = 50;
	objects = {

/* Begin PBXBuildFile section */
		D7EC0C8926019F15002C4BEA /* AppDelegate.swift in Sources */ = {isa = PBXBuildFile; fileRef = D7EC0C8826019F15002C4BEA /* AppDelegate.swift */; };
		D7EC0C8B26019F15002C4BEA /* SceneDelegate.swift in Sources */ = {isa = PBXBuildFile; fileRef = D7EC0C8A26019F15002C4BEA /* SceneDelegate.swift */; };
		D7EC0C8D26019F15002C4BEA /* ContentView.swift in Sources */ = {isa = PBXBuildFile; fileRef = D7EC0C8C26019F15002C4BEA /* ContentView.swift */; };
		D7EC0C8F26019F16002C4BEA /* Assets.xcassets in Resources */ = {isa = PBXBuildFile; fileRef = D7EC0C8E26019F16002C4BEA /* Assets.xcassets */; };
		D7EC0C9226019F16002C4BEA /* Preview Assets.xcassets in Resources */ = {isa = PBXBuildFile; fileRef = D7EC0C9126019F16002C4BEA /* Preview Assets.xcassets */; };
		D7EC0C9526019F16002C4BEA /* LaunchScreen.storyboard in Resources */ = {isa = PBXBuildFile; fileRef = D7EC0C9326019F16002C4BEA /* LaunchScreen.storyboard */; };
/* End PBXBuildFile section */

/* Begin PBXFileReference section */
		D7EC0C8526019F15002C4BEA /* Time-unit-conversion.app */ = {isa = PBXFileReference; explicitFileType = wrapper.application; includeInIndex = 0; path = "Time-unit-conversion.app"; sourceTree = BUILT_PRODUCTS_DIR; };
		D7EC0C8826019F15002C4BEA /* AppDelegate.swift */ = {isa = PBXFileReference; lastKnownFileType = sourcecode.swift; path = AppDelegate.swift; sourceTree = "<group>"; };
		D7EC0C8A26019F15002C4BEA /* SceneDelegate.swift */ = {isa = PBXFileReference; lastKnownFileType = sourcecode.swift; path = SceneDelegate.swift; sourceTree = "<group>"; };
		D7EC0C8C26019F15002C4BEA /* ContentView.swift */ = {isa = PBXFileReference; lastKnownFileType = sourcecode.swift; path = ContentView.swift; sourceTree = "<group>"; };
		D7EC0C8E26019F16002C4BEA /* Assets.xcassets */ = {isa = PBXFileReference; lastKnownFileType = folder.assetcatalog; path = Assets.xcassets; sourceTree = "<group>"; };
		D7EC0C9126019F16002C4BEA /* Preview Assets.xcassets */ = {isa = PBXFileReference; lastKnownFileType = folder.assetcatalog; path = "Preview Assets.xcassets"; sourceTree = "<group>"; };
		D7EC0C9426019F16002C4BEA /* Base */ = {isa = PBXFileReference; lastKnownFileType = file.storyboard; name = Base; path = Base.lproj/LaunchScreen.storyboard; sourceTree = "<group>"; };
		D7EC0C9626019F16002C4BEA /* Info.plist */ = {isa = PBXFileReference; lastKnownFileType = text.plist.xml; path = Info.plist; sourceTree = "<group>"; };
/* End PBXFileReference section */

/* Begin PBXFrameworksBuildPhase section */
		D7EC0C8226019F15002C4BEA /* Frameworks */ = {
			isa = PBXFrameworksBuildPhase;
			buildActionMask = 2147483647;
			files = (
			);
			runOnlyForDeploymentPostprocessing = 0;
		};
/* End PBXFrameworksBuildPhase section */

/* Begin PBXGroup section */
		D7EC0C7C26019F15002C4BEA = {
			isa = PBXGroup;
			children = (
				D7EC0C8726019F15002C4BEA /* Time-unit-conversion */,
				D7EC0C8626019F15002C4BEA /* Products */,
			);
			sourceTree = "<group>";
		};
		D7EC0C8626019F15002C4BEA /* Products */ = {
			isa = PBXGroup;
			children = (
				D7EC0C8526019F15002C4BEA /* Time-unit-conversion.app */,
			);
			name = Products;
			sourceTree = "<group>";
		};
		D7EC0C8726019F15002C4BEA /* Time-unit-conversion */ = {
			isa = PBXGroup;
			children = (
				D7EC0C8826019F15002C4BEA /* AppDelegate.swift */,
				D7EC0C8A26019F15002C4BEA /* SceneDelegate.swift */,
				D7EC0C8C26019F15002C4BEA /* ContentView.swift */,
				D7EC0C8E26019F16002C4BEA /* Assets.xcassets */,
				D7EC0C9326019F16002C4BEA /* LaunchScreen.storyboard */,
				D7EC0C9626019F16002C4BEA /* Info.plist */,
				D7EC0C9026019F16002C4BEA /* Preview Content */,
			);
			path = "Time-unit-conversion";
			sourceTree = "<group>";
		};
		D7EC0C9026019F16002C4BEA /* Preview Content */ = {
			isa = PBXGroup;
			children = (
				D7EC0C9126019F16002C4BEA /* Preview Assets.xcassets */,
			);
			path = "Preview Content";
			sourceTree = "<group>";
		};
/* End PBXGroup section */

/* Begin PBXNativeTarget section */
		D7EC0C8426019F15002C4BEA /* Time-unit-conversion */ = {
			isa = PBXNativeTarget;
			buildConfigurationList = D7EC0C9926019F16002C4BEA /* Build configuration list for PBXNativeTarget "Time-unit-conversion" */;
			buildPhases = (
				D7EC0C8126019F15002C4BEA /* Sources */,
				D7EC0C8226019F15002C4BEA /* Frameworks */,
				D7EC0C8326019F15002C4BEA /* Resources */,
			);
			buildRules = (
			);
			dependencies = (
			);
			name = "Time-unit-conversion";
			productName = "Time-unit-conversion";
			productReference = D7EC0C8526019F15002C4BEA /* Time-unit-conversion.app */;
			productType = "com.apple.product-type.application";
		};
/* End PBXNativeTarget section */

/* Begin PBXProject section */
		D7EC0C7D26019F15002C4BEA /* Project object */ = {
			isa = PBXProject;
			attributes = {
				LastSwiftUpdateCheck = 1240;
				LastUpgradeCheck = 1240;
				TargetAttributes = {
					D7EC0C8426019F15002C4BEA = {
						CreatedOnToolsVersion = 12.4;
					};
				};
			};
			buildConfigurationList = D7EC0C8026019F15002C4BEA /* Build configuration list for PBXProject "Time-unit-conversion" */;
			compatibilityVersion = "Xcode 9.3";
			developmentRegion = en;
			hasScannedForEncodings = 0;
			knownRegions = (
				en,
				Base,
			);
			mainGroup = D7EC0C7C26019F15002C4BEA;
			productRefGroup = D7EC0C8626019F15002C4BEA /* Products */;
			projectDirPath = "";
			projectRoot = "";
			targets = (
				D7EC0C8426019F15002C4BEA /* Time-unit-conversion */,
			);
		};
/* End PBXProject section */

/* Begin PBXResourcesBuildPhase section */
		D7EC0C8326019F15002C4BEA /* Resources */ = {
			isa = PBXResourcesBuildPhase;
			buildActionMask = 2147483647;
			files = (
				D7EC0C9526019F16002C4BEA /* LaunchScreen.storyboard in Resources */,
				D7EC0C9226019F16002C4BEA /* Preview Assets.xcassets in Resources */,
				D7EC0C8F26019F16002C4BEA /* Assets.xcassets in Resources */,
			);
			runOnlyForDeploymentPostprocessing = 0;
		};
/* End PBXResourcesBuildPhase section */

/* Begin PBXSourcesBuildPhase section */
		D7EC0C8126019F15002C4BEA /* Sources */ = {
			isa = PBXSourcesBuildPhase;
			buildActionMask = 2147483647;
			files = (
				D7EC0C8926019F15002C4BEA /* AppDelegate.swift in Sources */,
				D7EC0C8B26019F15002C4BEA /* SceneDelegate.swift in Sources */,
				D7EC0C8D26019F15002C4BEA /* ContentView.swift in Sources */,
			);
			runOnlyForDeploymentPostprocessing = 0;
		};
/* End PBXSourcesBuildPhase section */

/* Begin PBXVariantGroup section */
		D7EC0C9326019F16002C4BEA /* LaunchScreen.storyboard */ = {
			isa = PBXVariantGroup;
			children = (
				D7EC0C9426019F16002C4BEA /* Base */,
			);
			name = LaunchScreen.storyboard;
			sourceTree = "<group>";
		};
/* End PBXVariantGroup section */

/* Begin XCBuildConfiguration section */
		D7EC0C9726019F16002C4BEA /* Debug */ = {
			isa = XCBuildConfiguration;
			buildSettings = {
				ALWAYS_SEARCH_USER_PATHS = NO;
				CLANG_ANALYZER_NONNULL = YES;
				CLANG_ANALYZER_NUMBER_OBJECT_CONVERSION = YES_AGGRESSIVE;
				CLANG_CXX_LANGUAGE_STANDARD = "gnu++14";
				CLANG_CXX_LIBRARY = "libc++";
				CLANG_ENABLE_MODULES = YES;
				CLANG_ENABLE_OBJC_ARC = YES;
				CLANG_ENABLE_OBJC_WEAK = YES;
				CLANG_WARN_BLOCK_CAPTURE_AUTORELEASING = YES;
				CLANG_WARN_BOOL_CONVERSION = YES;
				CLANG_WARN_COMMA = YES;
				CLANG_WARN_CONSTANT_CONVERSION = YES;
				CLANG_WARN_DEPRECATED_OBJC_IMPLEMENTATIONS = YES;
				CLANG_WARN_DIRECT_OBJC_ISA_USAGE = YES_ERROR;
				CLANG_WARN_DOCUMENTATION_COMMENTS = YES;
				CLANG_WARN_EMPTY_BODY = YES;
				CLANG_WARN_ENUM_CONVERSION = YES;
				CLANG_WARN_INFINITE_RECURSION = YES;
				CLANG_WARN_INT_CONVERSION = YES;
				CLANG_WARN_NON_LITERAL_NULL_CONVERSION = YES;
				CLANG_WARN_OBJC_IMPLICIT_RETAIN_SELF = YES;
				CLANG_WARN_OBJC_LITERAL_CONVERSION = YES;
				CLANG_WARN_OBJC_ROOT_CLASS = YES_ERROR;
				CLANG_WARN_QUOTED_INCLUDE_IN_FRAMEWORK_HEADER = YES;
				CLANG_WARN_RANGE_LOOP_ANALYSIS = YES;
				CLANG_WARN_STRICT_PROTOTYPES = YES;
				CLANG_WARN_SUSPICIOUS_MOVE = YES;
				CLANG_WARN_UNGUARDED_AVAILABILITY = YES_AGGRESSIVE;
				CLANG_WARN_UNREACHABLE_CODE = YES;
				CLANG_WARN__DUPLICATE_METHOD_MATCH = YES;
				COPY_PHASE_STRIP = NO;
				DEBUG_INFORMATION_FORMAT = dwarf;
				ENABLE_STRICT_OBJC_MSGSEND = YES;
				ENABLE_TESTABILITY = YES;
				GCC_C_LANGUAGE_STANDARD = gnu11;
				GCC_DYNAMIC_NO_PIC = NO;
				GCC_NO_COMMON_BLOCKS = YES;
				GCC_OPTIMIZATION_LEVEL = 0;
				GCC_PREPROCESSOR_DEFINITIONS = (
					"DEBUG=1",
					"$(inherited)",
				);
				GCC_WARN_64_TO_32_BIT_CONVERSION = YES;
				GCC_WARN_ABOUT_RETURN_TYPE = YES_ERROR;
				GCC_WARN_UNDECLARED_SELECTOR = YES;
				GCC_WARN_UNINITIALIZED_AUTOS = YES_AGGRESSIVE;
				GCC_WARN_UNUSED_FUNCTION = YES;
				GCC_WARN_UNUSED_VARIABLE = YES;
				IPHONEOS_DEPLOYMENT_TARGET = 14.4;
				MTL_ENABLE_DEBUG_INFO = INCLUDE_SOURCE;
				MTL_FAST_MATH = YES;
				ONLY_ACTIVE_ARCH = YES;
				SDKROOT = iphoneos;
				SWIFT_ACTIVE_COMPILATION_CONDITIONS = DEBUG;
				SWIFT_OPTIMIZATION_LEVEL = "-Onone";
			};
			name = Debug;
		};
		D7EC0C9826019F16002C4BEA /* Release */ = {
			isa = XCBuildConfiguration;
			buildSettings = {
				ALWAYS_SEARCH_USER_PATHS = NO;
				CLANG_ANALYZER_NONNULL = YES;
				CLANG_ANALYZER_NUMBER_OBJECT_CONVERSION = YES_AGGRESSIVE;
				CLANG_CXX_LANGUAGE_STANDARD = "gnu++14";
				CLANG_CXX_LIBRARY = "libc++";
				CLANG_ENABLE_MODULES = YES;
				CLANG_ENABLE_OBJC_ARC = YES;
				CLANG_ENABLE_OBJC_WEAK = YES;
				CLANG_WARN_BLOCK_CAPTURE_AUTORELEASING = YES;
				CLANG_WARN_BOOL_CONVERSION = YES;
				CLANG_WARN_COMMA = YES;
				CLANG_WARN_CONSTANT_CONVERSION = YES;
				CLANG_WARN_DEPRECATED_OBJC_IMPLEMENTATIONS = YES;
				CLANG_WARN_DIRECT_OBJC_ISA_USAGE = YES_ERROR;
				CLANG_WARN_DOCUMENTATION_COMMENTS = YES;
				CLANG_WARN_EMPTY_BODY = YES;
				CLANG_WARN_ENUM_CONVERSION = YES;
				CLANG_WARN_INFINITE_RECURSION = YES;
				CLANG_WARN_INT_CONVERSION = YES;
				CLANG_WARN_NON_LITERAL_NULL_CONVERSION = YES;
				CLANG_WARN_OBJC_IMPLICIT_RETAIN_SELF = YES;
				CLANG_WARN_OBJC_LITERAL_CONVERSION = YES;
				CLANG_WARN_OBJC_ROOT_CLASS = YES_ERROR;
				CLANG_WARN_QUOTED_INCLUDE_IN_FRAMEWORK_HEADER = YES;
				CLANG_WARN_RANGE_LOOP_ANALYSIS = YES;
				CLANG_WARN_STRICT_PROTOTYPES = YES;
				CLANG_WARN_SUSPICIOUS_MOVE = YES;
				CLANG_WARN_UNGUARDED_AVAILABILITY = YES_AGGRESSIVE;
				CLANG_WARN_UNREACHABLE_CODE = YES;
				CLANG_WARN__DUPLICATE_METHOD_MATCH = YES;
				COPY_PHASE_STRIP = NO;
				DEBUG_INFORMATION_FORMAT = "dwarf-with-dsym";
				ENABLE_NS_ASSERTIONS = NO;
				ENABLE_STRICT_OBJC_MSGSEND = YES;
				GCC_C_LANGUAGE_STANDARD = gnu11;
				GCC_NO_COMMON_BLOCKS = YES;
				GCC_WARN_64_TO_32_BIT_CONVERSION = YES;
				GCC_WARN_ABOUT_RETURN_TYPE = YES_ERROR;
				GCC_WARN_UNDECLARED_SELECTOR = YES;
				GCC_WARN_UNINITIALIZED_AUTOS = YES_AGGRESSIVE;
				GCC_WARN_UNUSED_FUNCTION = YES;
				GCC_WARN_UNUSED_VARIABLE = YES;
				IPHONEOS_DEPLOYMENT_TARGET = 14.4;
				MTL_ENABLE_DEBUG_INFO = NO;
				MTL_FAST_MATH = YES;
				SDKROOT = iphoneos;
				SWIFT_COMPILATION_MODE = wholemodule;
				SWIFT_OPTIMIZATION_LEVEL = "-O";
				VALIDATE_PRODUCT = YES;
			};
			name = Release;
		};
		D7EC0C9A26019F16002C4BEA /* Debug */ = {
			isa = XCBuildConfiguration;
			buildSettings = {
				ASSETCATALOG_COMPILER_APPICON_NAME = AppIcon;
				ASSETCATALOG_COMPILER_GLOBAL_ACCENT_COLOR_NAME = AccentColor;
				CODE_SIGN_STYLE = Automatic;
				DEVELOPMENT_ASSET_PATHS = "\"Time-unit-conversion/Preview Content\"";
				DEVELOPMENT_TEAM = J5H8DMQ9YD;
				ENABLE_PREVIEWS = YES;
				INFOPLIST_FILE = "Time-unit-conversion/Info.plist";
				LD_RUNPATH_SEARCH_PATHS = (
					"$(inherited)",
					"@executable_path/Frameworks",
				);
				PRODUCT_BUNDLE_IDENTIFIER = "com.marek.Time-unit-conversion";
				PRODUCT_NAME = "$(TARGET_NAME)";
				SWIFT_VERSION = 5.0;
				TARGETED_DEVICE_FAMILY = "1,2";
			};
			name = Debug;
		};
		D7EC0C9B26019F16002C4BEA /* Release */ = {
			isa = XCBuildConfiguration;
			buildSettings = {
				ASSETCATALOG_COMPILER_APPICON_NAME = AppIcon;
				ASSETCATALOG_COMPILER_GLOBAL_ACCENT_COLOR_NAME = AccentColor;
				CODE_SIGN_STYLE = Automatic;
				DEVELOPMENT_ASSET_PATHS = "\"Time-unit-conversion/Preview Content\"";
				DEVELOPMENT_TEAM = J5H8DMQ9YD;
				ENABLE_PREVIEWS = YES;
				INFOPLIST_FILE = "Time-unit-conversion/Info.plist";
				LD_RUNPATH_SEARCH_PATHS = (
					"$(inherited)",
					"@executable_path/Frameworks",
				);
				PRODUCT_BUNDLE_IDENTIFIER = "com.marek.Time-unit-conversion";
				PRODUCT_NAME = "$(TARGET_NAME)";
				SWIFT_VERSION = 5.0;
				TARGETED_DEVICE_FAMILY = "1,2";
			};
			name = Release;
		};
/* End XCBuildConfiguration section */

/* Begin XCConfigurationList section */
		D7EC0C8026019F15002C4BEA /* Build configuration list for PBXProject "Time-unit-conversion" */ = {
			isa = XCConfigurationList;
			buildConfigurations = (
				D7EC0C9726019F16002C4BEA /* Debug */,
				D7EC0C9826019F16002C4BEA /* Release */,
			);
			defaultConfigurationIsVisible = 0;
			defaultConfigurationName = Release;
		};
		D7EC0C9926019F16002C4BEA /* Build configuration list for PBXNativeTarget "Time-unit-conversion" */ = {
			isa = XCConfigurationList;
			buildConfigurations = (
				D7EC0C9A26019F16002C4BEA /* Debug */,
				D7EC0C9B26019F16002C4BEA /* Release */,
			);
			defaultConfigurationIsVisible = 0;
			defaultConfigurationName = Release;
		};
/* End XCConfigurationList section */
	};
	rootObject = D7EC0C7D26019F15002C4BEA /* Project object */;
}
